
Microsoft Visual Studio Solution File, Format Version 12.00
# Visual Studio 2013
VisualStudioVersion = 12.0.30723.0
MinimumVisualStudioVersion = 10.0.40219.1
Project("{FAE04EC0-301F-11D3-BF4B-00C04F79EFBC}") = "Product-Maintenance", "Product-Maintenance\Product-Maintenance.csproj", "{9D8B174E-F5FC-4FEB-ABAA-A893ABFE1613}"
EndProject
Project("{FAE04EC0-301F-11D3-BF4B-00C04F79EFBC}") = "Technician-Maintenance", "Technician-Maintenance\Technician-Maintenance.csproj", "{56B7A72A-5C01-487A-8428-5E9ADFCB26D4}"
EndProject
Project("{FAE04EC0-301F-11D3-BF4B-00C04F79EFBC}") = "Customer-Incidents", "Customer-Incidents\Customer-Incidents.csproj", "{75E909B2-3CF1-42E4-9ED7-5DEB67306C47}"
EndProject
Project("{FAE04EC0-301F-11D3-BF4B-00C04F79EFBC}") = "Add-Incident", "Add-Incident\Add-Incident.csproj", "{7A4B4FC0-E78C-4427-9F70-29939CA91DC0}"
EndProject
Global
	GlobalSection(SolutionConfigurationPlatforms) = preSolution
		Debug|Any CPU = Debug|Any CPU
		Release|Any CPU = Release|Any CPU
	EndGlobalSection
	GlobalSection(ProjectConfigurationPlatforms) = postSolution
		{9D8B174E-F5FC-4FEB-ABAA-A893ABFE1613}.Debug|Any CPU.ActiveCfg = Debug|Any CPU
		{9D8B174E-F5FC-4FEB-ABAA-A893ABFE1613}.Debug|Any CPU.Build.0 = Debug|Any CPU
		{9D8B174E-F5FC-4FEB-ABAA-A893ABFE1613}.Release|Any CPU.ActiveCfg = Release|Any CPU
		{9D8B174E-F5FC-4FEB-ABAA-A893ABFE1613}.Release|Any CPU.Build.0 = Release|Any CPU
		{56B7A72A-5C01-487A-8428-5E9ADFCB26D4}.Debug|Any CPU.ActiveCfg = Debug|Any CPU
		{56B7A72A-5C01-487A-8428-5E9ADFCB26D4}.Debug|Any CPU.Build.0 = Debug|Any CPU
		{56B7A72A-5C01-487A-8428-5E9ADFCB26D4}.Release|Any CPU.ActiveCfg = Release|Any CPU
		{56B7A72A-5C01-487A-8428-5E9ADFCB26D4}.Release|Any CPU.Build.0 = Release|Any CPU
		{75E909B2-3CF1-42E4-9ED7-5DEB67306C47}.Debug|Any CPU.ActiveCfg = Debug|Any CPU
		{75E909B2-3CF1-42E4-9ED7-5DEB67306C47}.Debug|Any CPU.Build.0 = Debug|Any CPU
		{75E909B2-3CF1-42E4-9ED7-5DEB67306C47}.Release|Any CPU.ActiveCfg = Release|Any CPU
		{75E909B2-3CF1-42E4-9ED7-5DEB67306C47}.Release|Any CPU.Build.0 = Release|Any CPU
		{7A4B4FC0-E78C-4427-9F70-29939CA91DC0}.Debug|Any CPU.ActiveCfg = Debug|Any CPU
		{7A4B4FC0-E78C-4427-9F70-29939CA91DC0}.Debug|Any CPU.Build.0 = Debug|Any CPU
		{7A4B4FC0-E78C-4427-9F70-29939CA91DC0}.Release|Any CPU.ActiveCfg = Release|Any CPU
		{7A4B4FC0-E78C-4427-9F70-29939CA91DC0}.Release|Any CPU.Build.0 = Release|Any CPU
	EndGlobalSection
	GlobalSection(SolutionProperties) = preSolution
		HideSolutionNode = FALSE
	EndGlobalSection
EndGlobal
